
Microsoft Visual Studio Solution File, Format Version 12.00
# Visual Studio Version 17
VisualStudioVersion = 17.11.35312.102
MinimumVisualStudioVersion = 10.0.40219.1
Project("{9A19103F-16F7-4668-BE54-9A1E7A4F7556}") = "EventSourcing", "EventSourcing.csproj", "{0ABB7563-2020-4585-A498-FF108265ECDB}"
EndProject
Project("{9A19103F-16F7-4668-BE54-9A1E7A4F7556}") = "EventSoucring.Tests", "..\EventSoucring.Tests\EventSoucring.Tests.csproj", "{0BF60E8B-D373-498E-AAA9-99A86E90415E}"
EndProject
Global
	GlobalSection(SolutionConfigurationPlatforms) = preSolution
		Debug|Any CPU = Debug|Any CPU
		Release|Any CPU = Release|Any CPU
	EndGlobalSection
	GlobalSection(ProjectConfigurationPlatforms) = postSolution
		{0ABB7563-2020-4585-A498-FF108265ECDB}.Debug|Any CPU.ActiveCfg = Debug|Any CPU
		{0ABB7563-2020-4585-A498-FF108265ECDB}.Debug|Any CPU.Build.0 = Debug|Any CPU
		{0ABB7563-2020-4585-A498-FF108265ECDB}.Release|Any CPU.ActiveCfg = Release|Any CPU
		{0ABB7563-2020-4585-A498-FF108265ECDB}.Release|Any CPU.Build.0 = Release|Any CPU
		{0BF60E8B-D373-498E-AAA9-99A86E90415E}.Debug|Any CPU.ActiveCfg = Debug|Any CPU
		{0BF60E8B-D373-498E-AAA9-99A86E90415E}.Debug|Any CPU.Build.0 = Debug|Any CPU
		{0BF60E8B-D373-498E-AAA9-99A86E90415E}.Release|Any CPU.ActiveCfg = Release|Any CPU
		{0BF60E8B-D373-498E-AAA9-99A86E90415E}.Release|Any CPU.Build.0 = Release|Any CPU
	EndGlobalSection
	GlobalSection(SolutionProperties) = preSolution
		HideSolutionNode = FALSE
	EndGlobalSection
	GlobalSection(ExtensibilityGlobals) = postSolution
		SolutionGuid = {D388F36E-D053-48DC-B48C-A9B555795585}
	EndGlobalSection
EndGlobal
